
Microsoft Visual Studio Solution File, Format Version 12.00
# Visual Studio Version 17
VisualStudioVersion = 17.3.32825.248
MinimumVisualStudioVersion = 10.0.40219.1
Project("{FAE04EC0-301F-11D3-BF4B-00C04F79EFBC}") = "kalk", "kalk\kalk.csproj", "{2C07C902-0E71-430F-BE17-BA38B19D2464}"
EndProject
Global
	GlobalSection(SolutionConfigurationPlatforms) = preSolution
		Debug|Any CPU = Debug|Any CPU
		Release|Any CPU = Release|Any CPU
	EndGlobalSection
	GlobalSection(ProjectConfigurationPlatforms) = postSolution
		{2C07C902-0E71-430F-BE17-BA38B19D2464}.Debug|Any CPU.ActiveCfg = Debug|Any CPU
		{2C07C902-0E71-430F-BE17-BA38B19D2464}.Debug|Any CPU.Build.0 = Debug|Any CPU
		{2C07C902-0E71-430F-BE17-BA38B19D2464}.Release|Any CPU.ActiveCfg = Release|Any CPU
		{2C07C902-0E71-430F-BE17-BA38B19D2464}.Release|Any CPU.Build.0 = Release|Any CPU
	EndGlobalSection
	GlobalSection(SolutionProperties) = preSolution
		HideSolutionNode = FALSE
	EndGlobalSection
	GlobalSection(ExtensibilityGlobals) = postSolution
		SolutionGuid = {E0260317-9706-4774-A0FC-E48B263C8DDF}
	EndGlobalSection
EndGlobal
